// !$*UTF8*$!
{
	archiveVersion = 1;
	classes = {
	};
	objectVersion = 51;
	objects = {

/* Begin PBXBuildFile section */
		6A9A8C022486F1EC0014E423 /* AppDelegate.swift in Sources */ = {isa = PBXBuildFile; fileRef = 6A9A8C012486F1EC0014E423 /* AppDelegate.swift */; };
		6A9A8C092486F1EC0014E423 /* Main.storyboard in Resources */ = {isa = PBXBuildFile; fileRef = 6A9A8C072486F1EC0014E423 /* Main.storyboard */; };
		6A9A8C0B2486F1F00014E423 /* Assets.xcassets in Resources */ = {isa = PBXBuildFile; fileRef = 6A9A8C0A2486F1F00014E423 /* Assets.xcassets */; };
		6A9A8C0E2486F1F00014E423 /* LaunchScreen.storyboard in Resources */ = {isa = PBXBuildFile; fileRef = 6A9A8C0C2486F1F00014E423 /* LaunchScreen.storyboard */; };
		6A9A8C382486F68D0014E423 /* Info1.plist in Resources */ = {isa = PBXBuildFile; fileRef = 6A9A8C182486F68D0014E423 /* Info1.plist */; };
		6A9A8C392486F68D0014E423 /* ValidatorDictionary.swift in Sources */ = {isa = PBXBuildFile; fileRef = 6A9A8C1A2486F68D0014E423 /* ValidatorDictionary.swift */; };
		6A9A8C3A2486F68D0014E423 /* Validator.swift in Sources */ = {isa = PBXBuildFile; fileRef = 6A9A8C1B2486F68D0014E423 /* Validator.swift */; };
		6A9A8C3B2486F68D0014E423 /* ValidationDelegate.swift in Sources */ = {isa = PBXBuildFile; fileRef = 6A9A8C1C2486F68D0014E423 /* ValidationDelegate.swift */; };
		6A9A8C3C2486F68D0014E423 /* Validatable.swift in Sources */ = {isa = PBXBuildFile; fileRef = 6A9A8C1D2486F68D0014E423 /* Validatable.swift */; };
		6A9A8C3D2486F68D0014E423 /* ValidationError.swift in Sources */ = {isa = PBXBuildFile; fileRef = 6A9A8C1E2486F68D0014E423 /* ValidationError.swift */; };
		6A9A8C3E2486F68D0014E423 /* FullNameRule.swift in Sources */ = {isa = PBXBuildFile; fileRef = 6A9A8C202486F68D0014E423 /* FullNameRule.swift */; };
		6A9A8C3F2486F68D0014E423 /* CharacterSetRule.swift in Sources */ = {isa = PBXBuildFile; fileRef = 6A9A8C212486F68D0014E423 /* CharacterSetRule.swift */; };
		6A9A8C402486F68D0014E423 /* PasswordRule.swift in Sources */ = {isa = PBXBuildFile; fileRef = 6A9A8C222486F68D0014E423 /* PasswordRule.swift */; };
		6A9A8C412486F68D0014E423 /* ExactLengthRule.swift in Sources */ = {isa = PBXBuildFile; fileRef = 6A9A8C232486F68D0014E423 /* ExactLengthRule.swift */; };
		6A9A8C422486F68D0014E423 /* ConfirmRule.swift in Sources */ = {isa = PBXBuildFile; fileRef = 6A9A8C242486F68D0014E423 /* ConfirmRule.swift */; };
		6A9A8C432486F68D0014E423 /* MinLengthRule.swift in Sources */ = {isa = PBXBuildFile; fileRef = 6A9A8C252486F68D0014E423 /* MinLengthRule.swift */; };
		6A9A8C442486F68D0014E423 /* FloatRule.swift in Sources */ = {isa = PBXBuildFile; fileRef = 6A9A8C262486F68D0014E423 /* FloatRule.swift */; };
		6A9A8C452486F68D0014E423 /* MaxLengthRule.swift in Sources */ = {isa = PBXBuildFile; fileRef = 6A9A8C272486F68D0014E423 /* MaxLengthRule.swift */; };
		6A9A8C462486F68D0014E423 /* RegexRule.swift in Sources */ = {isa = PBXBuildFile; fileRef = 6A9A8C282486F68D0014E423 /* RegexRule.swift */; };
		6A9A8C472486F68D0014E423 /* ZipCodeRule.swift in Sources */ = {isa = PBXBuildFile; fileRef = 6A9A8C292486F68D0014E423 /* ZipCodeRule.swift */; };
		6A9A8C482486F68D0014E423 /* PhoneNumberOperatorRule.swift in Sources */ = {isa = PBXBuildFile; fileRef = 6A9A8C2A2486F68D0014E423 /* PhoneNumberOperatorRule.swift */; };
		6A9A8C492486F68D0014E423 /* HexColorRule.swift in Sources */ = {isa = PBXBuildFile; fileRef = 6A9A8C2B2486F68D0014E423 /* HexColorRule.swift */; };
		6A9A8C4A2486F68D0014E423 /* Name.swift in Sources */ = {isa = PBXBuildFile; fileRef = 6A9A8C2C2486F68D0014E423 /* Name.swift */; };
		6A9A8C4B2486F68D0014E423 /* EmailRule.swift in Sources */ = {isa = PBXBuildFile; fileRef = 6A9A8C2D2486F68D0014E423 /* EmailRule.swift */; };
		6A9A8C4C2486F68D0014E423 /* AlphaNumericRule.swift in Sources */ = {isa = PBXBuildFile; fileRef = 6A9A8C2E2486F68D0014E423 /* AlphaNumericRule.swift */; };
		6A9A8C4D2486F68D0014E423 /* PhoneNumberRule.swift in Sources */ = {isa = PBXBuildFile; fileRef = 6A9A8C2F2486F68D0014E423 /* PhoneNumberRule.swift */; };
		6A9A8C4E2486F68D0014E423 /* Rule.swift in Sources */ = {isa = PBXBuildFile; fileRef = 6A9A8C302486F68D0014E423 /* Rule.swift */; };
		6A9A8C4F2486F68D0014E423 /* CreditCardDateRule.swift in Sources */ = {isa = PBXBuildFile; fileRef = 6A9A8C312486F68D0014E423 /* CreditCardDateRule.swift */; };
		6A9A8C502486F68D0014E423 /* RequiredRule.swift in Sources */ = {isa = PBXBuildFile; fileRef = 6A9A8C322486F68D0014E423 /* RequiredRule.swift */; };
		6A9A8C512486F68D0014E423 /* IPV4Rule.swift in Sources */ = {isa = PBXBuildFile; fileRef = 6A9A8C332486F68D0014E423 /* IPV4Rule.swift */; };
		6A9A8C522486F68D0014E423 /* ValidationRule.swift in Sources */ = {isa = PBXBuildFile; fileRef = 6A9A8C342486F68D0014E423 /* ValidationRule.swift */; };
		6A9A8C532486F68D0014E423 /* AlphaRule.swift in Sources */ = {isa = PBXBuildFile; fileRef = 6A9A8C352486F68D0014E423 /* AlphaRule.swift */; };
		6A9A8C542486F68D0014E423 /* ISBNRule.swift in Sources */ = {isa = PBXBuildFile; fileRef = 6A9A8C362486F68D0014E423 /* ISBNRule.swift */; };
		6A9A8C5B2486F7990014E423 /* Colors.xcassets in Resources */ = {isa = PBXBuildFile; fileRef = 6A9A8C5A2486F7990014E423 /* Colors.xcassets */; };
		6A9A8C682486F9CF0014E423 /* InputFieldView.xib in Resources */ = {isa = PBXBuildFile; fileRef = 6A9A8C662486F9CF0014E423 /* InputFieldView.xib */; };
		6A9A8C692486F9CF0014E423 /* InputFieldView.swift in Sources */ = {isa = PBXBuildFile; fileRef = 6A9A8C672486F9CF0014E423 /* InputFieldView.swift */; };
		6A9A8C6C2486FCF20014E423 /* UIView+Extension.swift in Sources */ = {isa = PBXBuildFile; fileRef = 6A9A8C6B2486FCF20014E423 /* UIView+Extension.swift */; };
		6A9A8C6F248703720014E423 /* PTTextField.swift in Sources */ = {isa = PBXBuildFile; fileRef = 6A9A8C6E248703720014E423 /* PTTextField.swift */; };
		6A9A8C71248707FA0014E423 /* PTConfigurationsViewController.swift in Sources */ = {isa = PBXBuildFile; fileRef = 6A9A8C70248707FA0014E423 /* PTConfigurationsViewController.swift */; };
		6A9A8C73248714310014E423 /* ChechoutViewController.swift in Sources */ = {isa = PBXBuildFile; fileRef = 6A9A8C72248714310014E423 /* ChechoutViewController.swift */; };
		6A9A8C7D2487318F0014E423 /* UIColor+Extension.swift in Sources */ = {isa = PBXBuildFile; fileRef = 6A9A8C7C2487318F0014E423 /* UIColor+Extension.swift */; };
		6A9A8C80248734B30014E423 /* CheckoutResultViewController.swift in Sources */ = {isa = PBXBuildFile; fileRef = 6A9A8C7F248734B30014E423 /* CheckoutResultViewController.swift */; };
		6AB2C07F248802DC0098AAF7 /* paytabs-iOS.framework in Frameworks */ = {isa = PBXBuildFile; fileRef = 6AB2C07E248802DC0098AAF7 /* paytabs-iOS.framework */; };
		6AB2C081248803070098AAF7 /* Resources.bundle in Resources */ = {isa = PBXBuildFile; fileRef = 6AB2C080248803070098AAF7 /* Resources.bundle */; };
		FE1857782D38DE5F0EB6EE27 /* Pods_PayTabsDemo.framework in Frameworks */ = {isa = PBXBuildFile; fileRef = 529C9F33349C2738300523CC /* Pods_PayTabsDemo.framework */; };
/* End PBXBuildFile section */

/* Begin PBXFileReference section */
		529C9F33349C2738300523CC /* Pods_PayTabsDemo.framework */ = {isa = PBXFileReference; explicitFileType = wrapper.framework; includeInIndex = 0; path = Pods_PayTabsDemo.framework; sourceTree = BUILT_PRODUCTS_DIR; };
		6A9A8BFE2486F1EC0014E423 /* PayTabsDemo.app */ = {isa = PBXFileReference; explicitFileType = wrapper.application; includeInIndex = 0; path = PayTabsDemo.app; sourceTree = BUILT_PRODUCTS_DIR; };
		6A9A8C012486F1EC0014E423 /* AppDelegate.swift */ = {isa = PBXFileReference; lastKnownFileType = sourcecode.swift; path = AppDelegate.swift; sourceTree = "<group>"; };
		6A9A8C082486F1EC0014E423 /* Base */ = {isa = PBXFileReference; lastKnownFileType = file.storyboard; name = Base; path = Base.lproj/Main.storyboard; sourceTree = "<group>"; };
		6A9A8C0A2486F1F00014E423 /* Assets.xcassets */ = {isa = PBXFileReference; lastKnownFileType = folder.assetcatalog; path = Assets.xcassets; sourceTree = "<group>"; };
		6A9A8C0D2486F1F00014E423 /* Base */ = {isa = PBXFileReference; lastKnownFileType = file.storyboard; name = Base; path = Base.lproj/LaunchScreen.storyboard; sourceTree = "<group>"; };
		6A9A8C0F2486F1F00014E423 /* Info.plist */ = {isa = PBXFileReference; lastKnownFileType = text.plist.xml; path = Info.plist; sourceTree = "<group>"; };
		6A9A8C182486F68D0014E423 /* Info1.plist */ = {isa = PBXFileReference; fileEncoding = 4; lastKnownFileType = text.plist.xml; path = Info1.plist; sourceTree = "<group>"; };
		6A9A8C1A2486F68D0014E423 /* ValidatorDictionary.swift */ = {isa = PBXFileReference; fileEncoding = 4; lastKnownFileType = sourcecode.swift; path = ValidatorDictionary.swift; sourceTree = "<group>"; };
		6A9A8C1B2486F68D0014E423 /* Validator.swift */ = {isa = PBXFileReference; fileEncoding = 4; lastKnownFileType = sourcecode.swift; path = Validator.swift; sourceTree = "<group>"; };
		6A9A8C1C2486F68D0014E423 /* ValidationDelegate.swift */ = {isa = PBXFileReference; fileEncoding = 4; lastKnownFileType = sourcecode.swift; path = ValidationDelegate.swift; sourceTree = "<group>"; };
		6A9A8C1D2486F68D0014E423 /* Validatable.swift */ = {isa = PBXFileReference; fileEncoding = 4; lastKnownFileType = sourcecode.swift; path = Validatable.swift; sourceTree = "<group>"; };
		6A9A8C1E2486F68D0014E423 /* ValidationError.swift */ = {isa = PBXFileReference; fileEncoding = 4; lastKnownFileType = sourcecode.swift; path = ValidationError.swift; sourceTree = "<group>"; };
		6A9A8C202486F68D0014E423 /* FullNameRule.swift */ = {isa = PBXFileReference; fileEncoding = 4; lastKnownFileType = sourcecode.swift; path = FullNameRule.swift; sourceTree = "<group>"; };
		6A9A8C212486F68D0014E423 /* CharacterSetRule.swift */ = {isa = PBXFileReference; fileEncoding = 4; lastKnownFileType = sourcecode.swift; path = CharacterSetRule.swift; sourceTree = "<group>"; };
		6A9A8C222486F68D0014E423 /* PasswordRule.swift */ = {isa = PBXFileReference; fileEncoding = 4; lastKnownFileType = sourcecode.swift; path = PasswordRule.swift; sourceTree = "<group>"; };
		6A9A8C232486F68D0014E423 /* ExactLengthRule.swift */ = {isa = PBXFileReference; fileEncoding = 4; lastKnownFileType = sourcecode.swift; path = ExactLengthRule.swift; sourceTree = "<group>"; };
		6A9A8C242486F68D0014E423 /* ConfirmRule.swift */ = {isa = PBXFileReference; fileEncoding = 4; lastKnownFileType = sourcecode.swift; path = ConfirmRule.swift; sourceTree = "<group>"; };
		6A9A8C252486F68D0014E423 /* MinLengthRule.swift */ = {isa = PBXFileReference; fileEncoding = 4; lastKnownFileType = sourcecode.swift; path = MinLengthRule.swift; sourceTree = "<group>"; };
		6A9A8C262486F68D0014E423 /* FloatRule.swift */ = {isa = PBXFileReference; fileEncoding = 4; lastKnownFileType = sourcecode.swift; path = FloatRule.swift; sourceTree = "<group>"; };
		6A9A8C272486F68D0014E423 /* MaxLengthRule.swift */ = {isa = PBXFileReference; fileEncoding = 4; lastKnownFileType = sourcecode.swift; path = MaxLengthRule.swift; sourceTree = "<group>"; };
		6A9A8C282486F68D0014E423 /* RegexRule.swift */ = {isa = PBXFileReference; fileEncoding = 4; lastKnownFileType = sourcecode.swift; path = RegexRule.swift; sourceTree = "<group>"; };
		6A9A8C292486F68D0014E423 /* ZipCodeRule.swift */ = {isa = PBXFileReference; fileEncoding = 4; lastKnownFileType = sourcecode.swift; path = ZipCodeRule.swift; sourceTree = "<group>"; };
		6A9A8C2A2486F68D0014E423 /* PhoneNumberOperatorRule.swift */ = {isa = PBXFileReference; fileEncoding = 4; lastKnownFileType = sourcecode.swift; path = PhoneNumberOperatorRule.swift; sourceTree = "<group>"; };
		6A9A8C2B2486F68D0014E423 /* HexColorRule.swift */ = {isa = PBXFileReference; fileEncoding = 4; lastKnownFileType = sourcecode.swift; path = HexColorRule.swift; sourceTree = "<group>"; };
		6A9A8C2C2486F68D0014E423 /* Name.swift */ = {isa = PBXFileReference; fileEncoding = 4; lastKnownFileType = sourcecode.swift; path = Name.swift; sourceTree = "<group>"; };
		6A9A8C2D2486F68D0014E423 /* EmailRule.swift */ = {isa = PBXFileReference; fileEncoding = 4; lastKnownFileType = sourcecode.swift; path = EmailRule.swift; sourceTree = "<group>"; };
		6A9A8C2E2486F68D0014E423 /* AlphaNumericRule.swift */ = {isa = PBXFileReference; fileEncoding = 4; lastKnownFileType = sourcecode.swift; path = AlphaNumericRule.swift; sourceTree = "<group>"; };
		6A9A8C2F2486F68D0014E423 /* PhoneNumberRule.swift */ = {isa = PBXFileReference; fileEncoding = 4; lastKnownFileType = sourcecode.swift; path = PhoneNumberRule.swift; sourceTree = "<group>"; };
		6A9A8C302486F68D0014E423 /* Rule.swift */ = {isa = PBXFileReference; fileEncoding = 4; lastKnownFileType = sourcecode.swift; path = Rule.swift; sourceTree = "<group>"; };
		6A9A8C312486F68D0014E423 /* CreditCardDateRule.swift */ = {isa = PBXFileReference; fileEncoding = 4; lastKnownFileType = sourcecode.swift; path = CreditCardDateRule.swift; sourceTree = "<group>"; };
		6A9A8C322486F68D0014E423 /* RequiredRule.swift */ = {isa = PBXFileReference; fileEncoding = 4; lastKnownFileType = sourcecode.swift; path = RequiredRule.swift; sourceTree = "<group>"; };
		6A9A8C332486F68D0014E423 /* IPV4Rule.swift */ = {isa = PBXFileReference; fileEncoding = 4; lastKnownFileType = sourcecode.swift; path = IPV4Rule.swift; sourceTree = "<group>"; };
		6A9A8C342486F68D0014E423 /* ValidationRule.swift */ = {isa = PBXFileReference; fileEncoding = 4; lastKnownFileType = sourcecode.swift; path = ValidationRule.swift; sourceTree = "<group>"; };
		6A9A8C352486F68D0014E423 /* AlphaRule.swift */ = {isa = PBXFileReference; fileEncoding = 4; lastKnownFileType = sourcecode.swift; path = AlphaRule.swift; sourceTree = "<group>"; };
		6A9A8C362486F68D0014E423 /* ISBNRule.swift */ = {isa = PBXFileReference; fileEncoding = 4; lastKnownFileType = sourcecode.swift; path = ISBNRule.swift; sourceTree = "<group>"; };
		6A9A8C372486F68D0014E423 /* SwiftValidator.h */ = {isa = PBXFileReference; fileEncoding = 4; lastKnownFileType = sourcecode.c.h; path = SwiftValidator.h; sourceTree = "<group>"; };
		6A9A8C5A2486F7990014E423 /* Colors.xcassets */ = {isa = PBXFileReference; lastKnownFileType = folder.assetcatalog; path = Colors.xcassets; sourceTree = "<group>"; };
		6A9A8C662486F9CF0014E423 /* InputFieldView.xib */ = {isa = PBXFileReference; fileEncoding = 4; lastKnownFileType = file.xib; path = InputFieldView.xib; sourceTree = "<group>"; };
		6A9A8C672486F9CF0014E423 /* InputFieldView.swift */ = {isa = PBXFileReference; fileEncoding = 4; lastKnownFileType = sourcecode.swift; path = InputFieldView.swift; sourceTree = "<group>"; };
		6A9A8C6B2486FCF20014E423 /* UIView+Extension.swift */ = {isa = PBXFileReference; lastKnownFileType = sourcecode.swift; path = "UIView+Extension.swift"; sourceTree = "<group>"; };
		6A9A8C6E248703720014E423 /* PTTextField.swift */ = {isa = PBXFileReference; lastKnownFileType = sourcecode.swift; path = PTTextField.swift; sourceTree = "<group>"; };
		6A9A8C70248707FA0014E423 /* PTConfigurationsViewController.swift */ = {isa = PBXFileReference; lastKnownFileType = sourcecode.swift; path = PTConfigurationsViewController.swift; sourceTree = "<group>"; };
		6A9A8C72248714310014E423 /* ChechoutViewController.swift */ = {isa = PBXFileReference; lastKnownFileType = sourcecode.swift; path = ChechoutViewController.swift; sourceTree = "<group>"; };
		6A9A8C7424871A670014E423 /* PayTabsDemo-Bridging-Header.h */ = {isa = PBXFileReference; fileEncoding = 4; lastKnownFileType = sourcecode.c.h; path = "PayTabsDemo-Bridging-Header.h"; sourceTree = "<group>"; };
		6A9A8C7C2487318F0014E423 /* UIColor+Extension.swift */ = {isa = PBXFileReference; lastKnownFileType = sourcecode.swift; path = "UIColor+Extension.swift"; sourceTree = "<group>"; };
		6A9A8C7F248734B30014E423 /* CheckoutResultViewController.swift */ = {isa = PBXFileReference; lastKnownFileType = sourcecode.swift; path = CheckoutResultViewController.swift; sourceTree = "<group>"; };
		6AB2C07E248802DC0098AAF7 /* paytabs-iOS.framework */ = {isa = PBXFileReference; lastKnownFileType = wrapper.framework; path = "paytabs-iOS.framework"; sourceTree = "<group>"; };
		6AB2C080248803070098AAF7 /* Resources.bundle */ = {isa = PBXFileReference; lastKnownFileType = "wrapper.plug-in"; path = Resources.bundle; sourceTree = "<group>"; };
		7266193E02CB473503B6EC4D /* Pods-PayTabsDemo.debug.xcconfig */ = {isa = PBXFileReference; includeInIndex = 1; lastKnownFileType = text.xcconfig; name = "Pods-PayTabsDemo.debug.xcconfig"; path = "Target Support Files/Pods-PayTabsDemo/Pods-PayTabsDemo.debug.xcconfig"; sourceTree = "<group>"; };
		C3DF8E7530F5CEC141D99F8A /* Pods-PayTabsDemo.release.xcconfig */ = {isa = PBXFileReference; includeInIndex = 1; lastKnownFileType = text.xcconfig; name = "Pods-PayTabsDemo.release.xcconfig"; path = "Target Support Files/Pods-PayTabsDemo/Pods-PayTabsDemo.release.xcconfig"; sourceTree = "<group>"; };
/* End PBXFileReference section */

/* Begin PBXFrameworksBuildPhase section */
		6A9A8BFB2486F1EC0014E423 /* Frameworks */ = {
			isa = PBXFrameworksBuildPhase;
			buildActionMask = 2147483647;
			files = (
				FE1857782D38DE5F0EB6EE27 /* Pods_PayTabsDemo.framework in Frameworks */,
				6AB2C07F248802DC0098AAF7 /* paytabs-iOS.framework in Frameworks */,
			);
			runOnlyForDeploymentPostprocessing = 0;
		};
/* End PBXFrameworksBuildPhase section */

/* Begin PBXGroup section */
		14B88E20897CFC6625B2AD0A /* Pods */ = {
			isa = PBXGroup;
			children = (
				7266193E02CB473503B6EC4D /* Pods-PayTabsDemo.debug.xcconfig */,
				C3DF8E7530F5CEC141D99F8A /* Pods-PayTabsDemo.release.xcconfig */,
			);
			path = Pods;
			sourceTree = "<group>";
		};
		6A9A8BF52486F1EC0014E423 = {
			isa = PBXGroup;
			children = (
				6A9A8C002486F1EC0014E423 /* PayTabsDemo */,
				6A9A8BFF2486F1EC0014E423 /* Products */,
				14B88E20897CFC6625B2AD0A /* Pods */,
				BB4FC4DD1CF85AA7DE070EE6 /* Frameworks */,
			);
			sourceTree = "<group>";
		};
		6A9A8BFF2486F1EC0014E423 /* Products */ = {
			isa = PBXGroup;
			children = (
				6A9A8BFE2486F1EC0014E423 /* PayTabsDemo.app */,
			);
			name = Products;
			sourceTree = "<group>";
		};
		6A9A8C002486F1EC0014E423 /* PayTabsDemo */ = {
			isa = PBXGroup;
			children = (
				6A9A8C552486F69B0014E423 /* Scenarios */,
				6A9A8C152486F65C0014E423 /* SupportingFiles */,
				6A9A8C0A2486F1F00014E423 /* Assets.xcassets */,
				6A9A8C0C2486F1F00014E423 /* LaunchScreen.storyboard */,
				6A9A8C0F2486F1F00014E423 /* Info.plist */,
				6A9A8C5A2486F7990014E423 /* Colors.xcassets */,
			);
			path = PayTabsDemo;
			sourceTree = "<group>";
		};
		6A9A8C152486F65C0014E423 /* SupportingFiles */ = {
			isa = PBXGroup;
			children = (
				6A9A8C6A2486FCB50014E423 /* Extensions */,
				6A9A8C012486F1EC0014E423 /* AppDelegate.swift */,
				6A9A8C612486F9400014E423 /* Frameworks */,
				6A9A8C5E2486F9230014E423 /* Resources */,
				6A9A8C5C2486F81D0014E423 /* BridgeHeader */,
				6A9A8C162486F66E0014E423 /* Libs */,
			);
			path = SupportingFiles;
			sourceTree = "<group>";
		};
		6A9A8C162486F66E0014E423 /* Libs */ = {
			isa = PBXGroup;
			children = (
				6A9A8C172486F68D0014E423 /* SwiftValidator */,
			);
			path = Libs;
			sourceTree = "<group>";
		};
		6A9A8C172486F68D0014E423 /* SwiftValidator */ = {
			isa = PBXGroup;
			children = (
				6A9A8C182486F68D0014E423 /* Info1.plist */,
				6A9A8C192486F68D0014E423 /* Core */,
				6A9A8C1F2486F68D0014E423 /* Rules */,
				6A9A8C372486F68D0014E423 /* SwiftValidator.h */,
			);
			path = SwiftValidator;
			sourceTree = "<group>";
		};
		6A9A8C192486F68D0014E423 /* Core */ = {
			isa = PBXGroup;
			children = (
				6A9A8C1A2486F68D0014E423 /* ValidatorDictionary.swift */,
				6A9A8C1B2486F68D0014E423 /* Validator.swift */,
				6A9A8C1C2486F68D0014E423 /* ValidationDelegate.swift */,
				6A9A8C1D2486F68D0014E423 /* Validatable.swift */,
				6A9A8C1E2486F68D0014E423 /* ValidationError.swift */,
			);
			path = Core;
			sourceTree = "<group>";
		};
		6A9A8C1F2486F68D0014E423 /* Rules */ = {
			isa = PBXGroup;
			children = (
				6A9A8C202486F68D0014E423 /* FullNameRule.swift */,
				6A9A8C212486F68D0014E423 /* CharacterSetRule.swift */,
				6A9A8C222486F68D0014E423 /* PasswordRule.swift */,
				6A9A8C232486F68D0014E423 /* ExactLengthRule.swift */,
				6A9A8C242486F68D0014E423 /* ConfirmRule.swift */,
				6A9A8C252486F68D0014E423 /* MinLengthRule.swift */,
				6A9A8C262486F68D0014E423 /* FloatRule.swift */,
				6A9A8C272486F68D0014E423 /* MaxLengthRule.swift */,
				6A9A8C282486F68D0014E423 /* RegexRule.swift */,
				6A9A8C292486F68D0014E423 /* ZipCodeRule.swift */,
				6A9A8C2A2486F68D0014E423 /* PhoneNumberOperatorRule.swift */,
				6A9A8C2B2486F68D0014E423 /* HexColorRule.swift */,
				6A9A8C2C2486F68D0014E423 /* Name.swift */,
				6A9A8C2D2486F68D0014E423 /* EmailRule.swift */,
				6A9A8C2E2486F68D0014E423 /* AlphaNumericRule.swift */,
				6A9A8C2F2486F68D0014E423 /* PhoneNumberRule.swift */,
				6A9A8C302486F68D0014E423 /* Rule.swift */,
				6A9A8C312486F68D0014E423 /* CreditCardDateRule.swift */,
				6A9A8C322486F68D0014E423 /* RequiredRule.swift */,
				6A9A8C332486F68D0014E423 /* IPV4Rule.swift */,
				6A9A8C342486F68D0014E423 /* ValidationRule.swift */,
				6A9A8C352486F68D0014E423 /* AlphaRule.swift */,
				6A9A8C362486F68D0014E423 /* ISBNRule.swift */,
			);
			path = Rules;
			sourceTree = "<group>";
		};
		6A9A8C552486F69B0014E423 /* Scenarios */ = {
			isa = PBXGroup;
			children = (
				6A9A8C562486F6BB0014E423 /* Checkout */,
			);
			path = Scenarios;
			sourceTree = "<group>";
		};
		6A9A8C562486F6BB0014E423 /* Checkout */ = {
			isa = PBXGroup;
			children = (
				6A9A8C642486F9BD0014E423 /* CustomViews */,
				6A9A8C592486F6CF0014E423 /* Storyboard */,
				6A9A8C582486F6C90014E423 /* Model */,
				6A9A8C572486F6C30014E423 /* ViewControllers */,
			);
			path = Checkout;
			sourceTree = "<group>";
		};
		6A9A8C572486F6C30014E423 /* ViewControllers */ = {
			isa = PBXGroup;
			children = (
				6A9A8C70248707FA0014E423 /* PTConfigurationsViewController.swift */,
				6A9A8C72248714310014E423 /* ChechoutViewController.swift */,
				6A9A8C7F248734B30014E423 /* CheckoutResultViewController.swift */,
			);
			path = ViewControllers;
			sourceTree = "<group>";
		};
		6A9A8C582486F6C90014E423 /* Model */ = {
			isa = PBXGroup;
			children = (
			);
			path = Model;
			sourceTree = "<group>";
		};
		6A9A8C592486F6CF0014E423 /* Storyboard */ = {
			isa = PBXGroup;
			children = (
				6A9A8C072486F1EC0014E423 /* Main.storyboard */,
			);
			path = Storyboard;
			sourceTree = "<group>";
		};
		6A9A8C5C2486F81D0014E423 /* BridgeHeader */ = {
			isa = PBXGroup;
			children = (
				6A9A8C7424871A670014E423 /* PayTabsDemo-Bridging-Header.h */,
			);
			path = BridgeHeader;
			sourceTree = "<group>";
		};
		6A9A8C5E2486F9230014E423 /* Resources */ = {
			isa = PBXGroup;
			children = (
				6AB2C080248803070098AAF7 /* Resources.bundle */,
			);
			path = Resources;
			sourceTree = "<group>";
		};
		6A9A8C612486F9400014E423 /* Frameworks */ = {
			isa = PBXGroup;
			children = (
				6AB2C07E248802DC0098AAF7 /* paytabs-iOS.framework */,
			);
			path = Frameworks;
			sourceTree = "<group>";
		};
		6A9A8C642486F9BD0014E423 /* CustomViews */ = {
			isa = PBXGroup;
			children = (
				6A9A8C6D248703450014E423 /* PTTextField */,
				6A9A8C652486F9CF0014E423 /* InputFieldView */,
			);
			path = CustomViews;
			sourceTree = "<group>";
		};
		6A9A8C652486F9CF0014E423 /* InputFieldView */ = {
			isa = PBXGroup;
			children = (
				6A9A8C672486F9CF0014E423 /* InputFieldView.swift */,
				6A9A8C662486F9CF0014E423 /* InputFieldView.xib */,
			);
			path = InputFieldView;
			sourceTree = "<group>";
		};
		6A9A8C6A2486FCB50014E423 /* Extensions */ = {
			isa = PBXGroup;
			children = (
				6A9A8C6B2486FCF20014E423 /* UIView+Extension.swift */,
				6A9A8C7C2487318F0014E423 /* UIColor+Extension.swift */,
			);
			path = Extensions;
			sourceTree = "<group>";
		};
		6A9A8C6D248703450014E423 /* PTTextField */ = {
			isa = PBXGroup;
			children = (
				6A9A8C6E248703720014E423 /* PTTextField.swift */,
			);
			path = PTTextField;
			sourceTree = "<group>";
		};
		BB4FC4DD1CF85AA7DE070EE6 /* Frameworks */ = {
			isa = PBXGroup;
			children = (
				529C9F33349C2738300523CC /* Pods_PayTabsDemo.framework */,
			);
			name = Frameworks;
			sourceTree = "<group>";
		};
/* End PBXGroup section */

/* Begin PBXNativeTarget section */
		6A9A8BFD2486F1EC0014E423 /* PayTabsDemo */ = {
			isa = PBXNativeTarget;
			buildConfigurationList = 6A9A8C122486F1F00014E423 /* Build configuration list for PBXNativeTarget "PayTabsDemo" */;
			buildPhases = (
				42E34F5F26E1BF7D5B7E6CBF /* [CP] Check Pods Manifest.lock */,
				6A9A8BFA2486F1EC0014E423 /* Sources */,
				6A9A8BFB2486F1EC0014E423 /* Frameworks */,
				6A9A8BFC2486F1EC0014E423 /* Resources */,
				530F3D1E33D5C808C2B4D62F /* [CP] Embed Pods Frameworks */,
			);
			buildRules = (
			);
			dependencies = (
			);
			name = PayTabsDemo;
			productName = PayTabsDemo;
			productReference = 6A9A8BFE2486F1EC0014E423 /* PayTabsDemo.app */;
			productType = "com.apple.product-type.application";
		};
/* End PBXNativeTarget section */

/* Begin PBXProject section */
		6A9A8BF62486F1EC0014E423 /* Project object */ = {
			isa = PBXProject;
			attributes = {
				LastSwiftUpdateCheck = 1150;
				LastUpgradeCheck = 1150;
				ORGANIZATIONNAME = MSalah;
				TargetAttributes = {
					6A9A8BFD2486F1EC0014E423 = {
						CreatedOnToolsVersion = 11.5;
					};
				};
			};
			buildConfigurationList = 6A9A8BF92486F1EC0014E423 /* Build configuration list for PBXProject "PayTabsDemo" */;
			compatibilityVersion = "Xcode 9.3";
			developmentRegion = en;
			hasScannedForEncodings = 0;
			knownRegions = (
				en,
				Base,
			);
			mainGroup = 6A9A8BF52486F1EC0014E423;
			productRefGroup = 6A9A8BFF2486F1EC0014E423 /* Products */;
			projectDirPath = "";
			projectRoot = "";
			targets = (
				6A9A8BFD2486F1EC0014E423 /* PayTabsDemo */,
			);
		};
/* End PBXProject section */

/* Begin PBXResourcesBuildPhase section */
		6A9A8BFC2486F1EC0014E423 /* Resources */ = {
			isa = PBXResourcesBuildPhase;
			buildActionMask = 2147483647;
			files = (
				6A9A8C5B2486F7990014E423 /* Colors.xcassets in Resources */,
				6A9A8C0E2486F1F00014E423 /* LaunchScreen.storyboard in Resources */,
				6AB2C081248803070098AAF7 /* Resources.bundle in Resources */,
				6A9A8C0B2486F1F00014E423 /* Assets.xcassets in Resources */,
				6A9A8C382486F68D0014E423 /* Info1.plist in Resources */,
				6A9A8C092486F1EC0014E423 /* Main.storyboard in Resources */,
				6A9A8C682486F9CF0014E423 /* InputFieldView.xib in Resources */,
			);
			runOnlyForDeploymentPostprocessing = 0;
		};
/* End PBXResourcesBuildPhase section */

/* Begin PBXShellScriptBuildPhase section */
		42E34F5F26E1BF7D5B7E6CBF /* [CP] Check Pods Manifest.lock */ = {
			isa = PBXShellScriptBuildPhase;
			buildActionMask = 2147483647;
			files = (
			);
			inputFileListPaths = (
			);
			inputPaths = (
				"${PODS_PODFILE_DIR_PATH}/Podfile.lock",
				"${PODS_ROOT}/Manifest.lock",
			);
			name = "[CP] Check Pods Manifest.lock";
			outputFileListPaths = (
			);
			outputPaths = (
				"$(DERIVED_FILE_DIR)/Pods-PayTabsDemo-checkManifestLockResult.txt",
			);
			runOnlyForDeploymentPostprocessing = 0;
			shellPath = /bin/sh;
			shellScript = "diff \"${PODS_PODFILE_DIR_PATH}/Podfile.lock\" \"${PODS_ROOT}/Manifest.lock\" > /dev/null\nif [ $? != 0 ] ; then\n    # print error to STDERR\n    echo \"error: The sandbox is not in sync with the Podfile.lock. Run 'pod install' or update your CocoaPods installation.\" >&2\n    exit 1\nfi\n# This output is used by Xcode 'outputs' to avoid re-running this script phase.\necho \"SUCCESS\" > \"${SCRIPT_OUTPUT_FILE_0}\"\n";
			showEnvVarsInLog = 0;
		};
		530F3D1E33D5C808C2B4D62F /* [CP] Embed Pods Frameworks */ = {
			isa = PBXShellScriptBuildPhase;
			buildActionMask = 2147483647;
			files = (
			);
			inputFileListPaths = (
				"${PODS_ROOT}/Target Support Files/Pods-PayTabsDemo/Pods-PayTabsDemo-frameworks-${CONFIGURATION}-input-files.xcfilelist",
			);
			name = "[CP] Embed Pods Frameworks";
			outputFileListPaths = (
				"${PODS_ROOT}/Target Support Files/Pods-PayTabsDemo/Pods-PayTabsDemo-frameworks-${CONFIGURATION}-output-files.xcfilelist",
			);
			runOnlyForDeploymentPostprocessing = 0;
			shellPath = /bin/sh;
			shellScript = "\"${PODS_ROOT}/Target Support Files/Pods-PayTabsDemo/Pods-PayTabsDemo-frameworks.sh\"\n";
			showEnvVarsInLog = 0;
		};
/* End PBXShellScriptBuildPhase section */

/* Begin PBXSourcesBuildPhase section */
		6A9A8BFA2486F1EC0014E423 /* Sources */ = {
			isa = PBXSourcesBuildPhase;
			buildActionMask = 2147483647;
			files = (
				6A9A8C6C2486FCF20014E423 /* UIView+Extension.swift in Sources */,
				6A9A8C432486F68D0014E423 /* MinLengthRule.swift in Sources */,
				6A9A8C392486F68D0014E423 /* ValidatorDictionary.swift in Sources */,
				6A9A8C502486F68D0014E423 /* RequiredRule.swift in Sources */,
				6A9A8C4D2486F68D0014E423 /* PhoneNumberRule.swift in Sources */,
				6A9A8C3A2486F68D0014E423 /* Validator.swift in Sources */,
				6A9A8C022486F1EC0014E423 /* AppDelegate.swift in Sources */,
				6A9A8C4E2486F68D0014E423 /* Rule.swift in Sources */,
				6A9A8C6F248703720014E423 /* PTTextField.swift in Sources */,
				6A9A8C522486F68D0014E423 /* ValidationRule.swift in Sources */,
				6A9A8C422486F68D0014E423 /* ConfirmRule.swift in Sources */,
				6A9A8C3E2486F68D0014E423 /* FullNameRule.swift in Sources */,
				6A9A8C442486F68D0014E423 /* FloatRule.swift in Sources */,
				6A9A8C512486F68D0014E423 /* IPV4Rule.swift in Sources */,
				6A9A8C7D2487318F0014E423 /* UIColor+Extension.swift in Sources */,
				6A9A8C4C2486F68D0014E423 /* AlphaNumericRule.swift in Sources */,
				6A9A8C482486F68D0014E423 /* PhoneNumberOperatorRule.swift in Sources */,
				6A9A8C3F2486F68D0014E423 /* CharacterSetRule.swift in Sources */,
				6A9A8C3D2486F68D0014E423 /* ValidationError.swift in Sources */,
				6A9A8C4A2486F68D0014E423 /* Name.swift in Sources */,
				6A9A8C402486F68D0014E423 /* PasswordRule.swift in Sources */,
				6A9A8C71248707FA0014E423 /* PTConfigurationsViewController.swift in Sources */,
				6A9A8C73248714310014E423 /* ChechoutViewController.swift in Sources */,
				6A9A8C492486F68D0014E423 /* HexColorRule.swift in Sources */,
				6A9A8C3B2486F68D0014E423 /* ValidationDelegate.swift in Sources */,
				6A9A8C4B2486F68D0014E423 /* EmailRule.swift in Sources */,
				6A9A8C3C2486F68D0014E423 /* Validatable.swift in Sources */,
				6A9A8C452486F68D0014E423 /* MaxLengthRule.swift in Sources */,
				6A9A8C462486F68D0014E423 /* RegexRule.swift in Sources */,
				6A9A8C80248734B30014E423 /* CheckoutResultViewController.swift in Sources */,
				6A9A8C532486F68D0014E423 /* AlphaRule.swift in Sources */,
				6A9A8C472486F68D0014E423 /* ZipCodeRule.swift in Sources */,
				6A9A8C4F2486F68D0014E423 /* CreditCardDateRule.swift in Sources */,
				6A9A8C412486F68D0014E423 /* ExactLengthRule.swift in Sources */,
				6A9A8C692486F9CF0014E423 /* InputFieldView.swift in Sources */,
				6A9A8C542486F68D0014E423 /* ISBNRule.swift in Sources */,
			);
			runOnlyForDeploymentPostprocessing = 0;
		};
/* End PBXSourcesBuildPhase section */

/* Begin PBXVariantGroup section */
		6A9A8C072486F1EC0014E423 /* Main.storyboard */ = {
			isa = PBXVariantGroup;
			children = (
				6A9A8C082486F1EC0014E423 /* Base */,
			);
			name = Main.storyboard;
			sourceTree = "<group>";
		};
		6A9A8C0C2486F1F00014E423 /* LaunchScreen.storyboard */ = {
			isa = PBXVariantGroup;
			children = (
				6A9A8C0D2486F1F00014E423 /* Base */,
			);
			name = LaunchScreen.storyboard;
			sourceTree = "<group>";
		};
/* End PBXVariantGroup section */

/* Begin XCBuildConfiguration section */
		6A9A8C102486F1F00014E423 /* Debug */ = {
			isa = XCBuildConfiguration;
			buildSettings = {
				ALWAYS_SEARCH_USER_PATHS = NO;
				CLANG_ANALYZER_NONNULL = YES;
				CLANG_ANALYZER_NUMBER_OBJECT_CONVERSION = YES_AGGRESSIVE;
				CLANG_CXX_LANGUAGE_STANDARD = "gnu++14";
				CLANG_CXX_LIBRARY = "libc++";
				CLANG_ENABLE_MODULES = YES;
				CLANG_ENABLE_OBJC_ARC = YES;
				CLANG_ENABLE_OBJC_WEAK = YES;
				CLANG_WARN_BLOCK_CAPTURE_AUTORELEASING = YES;
				CLANG_WARN_BOOL_CONVERSION = YES;
				CLANG_WARN_COMMA = YES;
				CLANG_WARN_CONSTANT_CONVERSION = YES;
				CLANG_WARN_DEPRECATED_OBJC_IMPLEMENTATIONS = YES;
				CLANG_WARN_DIRECT_OBJC_ISA_USAGE = YES_ERROR;
				CLANG_WARN_DOCUMENTATION_COMMENTS = YES;
				CLANG_WARN_EMPTY_BODY = YES;
				CLANG_WARN_ENUM_CONVERSION = YES;
				CLANG_WARN_INFINITE_RECURSION = YES;
				CLANG_WARN_INT_CONVERSION = YES;
				CLANG_WARN_NON_LITERAL_NULL_CONVERSION = YES;
				CLANG_WARN_OBJC_IMPLICIT_RETAIN_SELF = YES;
				CLANG_WARN_OBJC_LITERAL_CONVERSION = YES;
				CLANG_WARN_OBJC_ROOT_CLASS = YES_ERROR;
				CLANG_WARN_RANGE_LOOP_ANALYSIS = YES;
				CLANG_WARN_STRICT_PROTOTYPES = YES;
				CLANG_WARN_SUSPICIOUS_MOVE = YES;
				CLANG_WARN_UNGUARDED_AVAILABILITY = YES_AGGRESSIVE;
				CLANG_WARN_UNREACHABLE_CODE = YES;
				CLANG_WARN__DUPLICATE_METHOD_MATCH = YES;
				COPY_PHASE_STRIP = NO;
				DEBUG_INFORMATION_FORMAT = dwarf;
				ENABLE_STRICT_OBJC_MSGSEND = YES;
				ENABLE_TESTABILITY = YES;
				GCC_C_LANGUAGE_STANDARD = gnu11;
				GCC_DYNAMIC_NO_PIC = NO;
				GCC_NO_COMMON_BLOCKS = YES;
				GCC_OPTIMIZATION_LEVEL = 0;
				GCC_PREPROCESSOR_DEFINITIONS = (
					"DEBUG=1",
					"$(inherited)",
				);
				GCC_WARN_64_TO_32_BIT_CONVERSION = YES;
				GCC_WARN_ABOUT_RETURN_TYPE = YES_ERROR;
				GCC_WARN_UNDECLARED_SELECTOR = YES;
				GCC_WARN_UNINITIALIZED_AUTOS = YES_AGGRESSIVE;
				GCC_WARN_UNUSED_FUNCTION = YES;
				GCC_WARN_UNUSED_VARIABLE = YES;
				IPHONEOS_DEPLOYMENT_TARGET = 13.5;
				MTL_ENABLE_DEBUG_INFO = INCLUDE_SOURCE;
				MTL_FAST_MATH = YES;
				ONLY_ACTIVE_ARCH = YES;
				SDKROOT = iphoneos;
				SWIFT_ACTIVE_COMPILATION_CONDITIONS = DEBUG;
				SWIFT_OPTIMIZATION_LEVEL = "-Onone";
			};
			name = Debug;
		};
		6A9A8C112486F1F00014E423 /* Release */ = {
			isa = XCBuildConfiguration;
			buildSettings = {
				ALWAYS_SEARCH_USER_PATHS = NO;
				CLANG_ANALYZER_NONNULL = YES;
				CLANG_ANALYZER_NUMBER_OBJECT_CONVERSION = YES_AGGRESSIVE;
				CLANG_CXX_LANGUAGE_STANDARD = "gnu++14";
				CLANG_CXX_LIBRARY = "libc++";
				CLANG_ENABLE_MODULES = YES;
				CLANG_ENABLE_OBJC_ARC = YES;
				CLANG_ENABLE_OBJC_WEAK = YES;
				CLANG_WARN_BLOCK_CAPTURE_AUTORELEASING = YES;
				CLANG_WARN_BOOL_CONVERSION = YES;
				CLANG_WARN_COMMA = YES;
				CLANG_WARN_CONSTANT_CONVERSION = YES;
				CLANG_WARN_DEPRECATED_OBJC_IMPLEMENTATIONS = YES;
				CLANG_WARN_DIRECT_OBJC_ISA_USAGE = YES_ERROR;
				CLANG_WARN_DOCUMENTATION_COMMENTS = YES;
				CLANG_WARN_EMPTY_BODY = YES;
				CLANG_WARN_ENUM_CONVERSION = YES;
				CLANG_WARN_INFINITE_RECURSION = YES;
				CLANG_WARN_INT_CONVERSION = YES;
				CLANG_WARN_NON_LITERAL_NULL_CONVERSION = YES;
				CLANG_WARN_OBJC_IMPLICIT_RETAIN_SELF = YES;
				CLANG_WARN_OBJC_LITERAL_CONVERSION = YES;
				CLANG_WARN_OBJC_ROOT_CLASS = YES_ERROR;
				CLANG_WARN_RANGE_LOOP_ANALYSIS = YES;
				CLANG_WARN_STRICT_PROTOTYPES = YES;
				CLANG_WARN_SUSPICIOUS_MOVE = YES;
				CLANG_WARN_UNGUARDED_AVAILABILITY = YES_AGGRESSIVE;
				CLANG_WARN_UNREACHABLE_CODE = YES;
				CLANG_WARN__DUPLICATE_METHOD_MATCH = YES;
				COPY_PHASE_STRIP = NO;
				DEBUG_INFORMATION_FORMAT = "dwarf-with-dsym";
				ENABLE_NS_ASSERTIONS = NO;
				ENABLE_STRICT_OBJC_MSGSEND = YES;
				GCC_C_LANGUAGE_STANDARD = gnu11;
				GCC_NO_COMMON_BLOCKS = YES;
				GCC_WARN_64_TO_32_BIT_CONVERSION = YES;
				GCC_WARN_ABOUT_RETURN_TYPE = YES_ERROR;
				GCC_WARN_UNDECLARED_SELECTOR = YES;
				GCC_WARN_UNINITIALIZED_AUTOS = YES_AGGRESSIVE;
				GCC_WARN_UNUSED_FUNCTION = YES;
				GCC_WARN_UNUSED_VARIABLE = YES;
				IPHONEOS_DEPLOYMENT_TARGET = 13.5;
				MTL_ENABLE_DEBUG_INFO = NO;
				MTL_FAST_MATH = YES;
				SDKROOT = iphoneos;
				SWIFT_COMPILATION_MODE = wholemodule;
				SWIFT_OPTIMIZATION_LEVEL = "-O";
				VALIDATE_PRODUCT = YES;
			};
			name = Release;
		};
		6A9A8C132486F1F00014E423 /* Debug */ = {
			isa = XCBuildConfiguration;
			baseConfigurationReference = 7266193E02CB473503B6EC4D /* Pods-PayTabsDemo.debug.xcconfig */;
			buildSettings = {
				ASSETCATALOG_COMPILER_APPICON_NAME = AppIcon;
				CODE_SIGN_STYLE = Automatic;
				DEVELOPMENT_TEAM = J83X3QNJRW;
				FRAMEWORK_SEARCH_PATHS = (
					"$(inherited)",
					"$(PROJECT_DIR)/PayTabsDemo/SupportingFiles/Frameworks",
				);
				HEADER_SEARCH_PATHS = (
					"$(inherited)",
					"\"${PODS_CONFIGURATION_BUILD_DIR}/AFNetworking/AFNetworking.framework/Headers\"",
					"\"${PODS_CONFIGURATION_BUILD_DIR}/BIObjCHelpers/BIObjCHelpers.framework/Headers\"",
					"\"${PODS_CONFIGURATION_BUILD_DIR}/IQKeyboardManager/IQKeyboardManager.framework/Headers\"",
					"\"${PODS_CONFIGURATION_BUILD_DIR}/Lockbox/Lockbox.framework/Headers\"",
					"\"${PODS_CONFIGURATION_BUILD_DIR}/MBProgressHUD/MBProgressHUD.framework/Headers\"",
					"\"${PODS_CONFIGURATION_BUILD_DIR}/Mantle/Mantle.framework/Headers\"",
					"\"${PODS_CONFIGURATION_BUILD_DIR}/PINCache/PINCache.framework/Headers\"",
					"\"${PODS_CONFIGURATION_BUILD_DIR}/Reachability/Reachability.framework/Headers\"",
					"\"${PODS_CONFIGURATION_BUILD_DIR}/SBJson/SBJson.framework/Headers\"",
					"\"${PODS_ROOT}/Headers/Public/ActionSheetPicker-3.0\"",
				);
				INFOPLIST_FILE = PayTabsDemo/Info.plist;
				IPHONEOS_DEPLOYMENT_TARGET = 13.0;
				LD_RUNPATH_SEARCH_PATHS = (
					"$(inherited)",
					"@executable_path/Frameworks",
				);
				ONLY_ACTIVE_ARCH = YES;
				OTHER_LDFLAGS = (
					"$(inherited)",
					"-ObjC",
					"-framework",
					"\"AFNetworking\"",
					"-framework",
					"\"BIObjCHelpers\"",
					"-framework",
					"\"CoreGraphics\"",
					"-framework",
					"\"Foundation\"",
					"-framework",
					"\"IQKeyboardManager\"",
					"-framework",
					"\"Lockbox\"",
					"-framework",
					"\"MBProgressHUD\"",
					"-framework",
					"\"Mantle\"",
					"-framework",
					"\"PINCache\"",
					"-framework",
					"\"QuartzCore\"",
					"-framework",
					"\"Reachability\"",
					"-framework",
					"\"SBJson\"",
					"-framework",
					"\"Security\"",
					"-framework",
					"\"SystemConfiguration\"",
					"-framework",
					"\"UIKit\"",
					"-weak_framework",
					"\"UIKit\"",
					"-all_load",
				);
				PRODUCT_BUNDLE_IDENTIFIER = com.msalah.PayTabsDemo;
				PRODUCT_NAME = "$(TARGET_NAME)";
				SWIFT_OBJC_BRIDGING_HEADER = "$(SRCROOT)/PayTabsDemo/SupportingFiles/BridgeHeader/PayTabsDemo-Bridging-Header.h";
				SWIFT_VERSION = 5.0;
				TARGETED_DEVICE_FAMILY = "1,2";
			};
			name = Debug;
		};
		6A9A8C142486F1F00014E423 /* Release */ = {
			isa = XCBuildConfiguration;
			baseConfigurationReference = C3DF8E7530F5CEC141D99F8A /* Pods-PayTabsDemo.release.xcconfig */;
			buildSettings = {
				ASSETCATALOG_COMPILER_APPICON_NAME = AppIcon;
				CODE_SIGN_STYLE = Automatic;
				DEVELOPMENT_TEAM = J83X3QNJRW;
				FRAMEWORK_SEARCH_PATHS = (
					"$(inherited)",
					"$(PROJECT_DIR)/PayTabsDemo/SupportingFiles/Frameworks",
				);
				HEADER_SEARCH_PATHS = (
					"$(inherited)",
					"\"${PODS_CONFIGURATION_BUILD_DIR}/AFNetworking/AFNetworking.framework/Headers\"",
					"\"${PODS_CONFIGURATION_BUILD_DIR}/BIObjCHelpers/BIObjCHelpers.framework/Headers\"",
					"\"${PODS_CONFIGURATION_BUILD_DIR}/IQKeyboardManager/IQKeyboardManager.framework/Headers\"",
					"\"${PODS_CONFIGURATION_BUILD_DIR}/Lockbox/Lockbox.framework/Headers\"",
					"\"${PODS_CONFIGURATION_BUILD_DIR}/MBProgressHUD/MBProgressHUD.framework/Headers\"",
					"\"${PODS_CONFIGURATION_BUILD_DIR}/Mantle/Mantle.framework/Headers\"",
					"\"${PODS_CONFIGURATION_BUILD_DIR}/PINCache/PINCache.framework/Headers\"",
					"\"${PODS_CONFIGURATION_BUILD_DIR}/Reachability/Reachability.framework/Headers\"",
					"\"${PODS_CONFIGURATION_BUILD_DIR}/SBJson/SBJson.framework/Headers\"",
					"\"${PODS_ROOT}/Headers/Public/ActionSheetPicker-3.0\"",
				);
				INFOPLIST_FILE = PayTabsDemo/Info.plist;
				IPHONEOS_DEPLOYMENT_TARGET = 13.0;
				LD_RUNPATH_SEARCH_PATHS = (
					"$(inherited)",
					"@executable_path/Frameworks",
				);
				OTHER_LDFLAGS = (
					"$(inherited)",
					"-ObjC",
					"-framework",
					"\"AFNetworking\"",
					"-framework",
					"\"BIObjCHelpers\"",
					"-framework",
					"\"CoreGraphics\"",
					"-framework",
					"\"Foundation\"",
					"-framework",
					"\"IQKeyboardManager\"",
					"-framework",
					"\"Lockbox\"",
					"-framework",
					"\"MBProgressHUD\"",
					"-framework",
					"\"Mantle\"",
					"-framework",
					"\"PINCache\"",
					"-framework",
					"\"QuartzCore\"",
					"-framework",
					"\"Reachability\"",
					"-framework",
					"\"SBJson\"",
					"-framework",
					"\"Security\"",
					"-framework",
					"\"SystemConfiguration\"",
					"-framework",
					"\"UIKit\"",
					"-weak_framework",
					"\"UIKit\"",
					"-all_load",
				);
				PRODUCT_BUNDLE_IDENTIFIER = com.msalah.PayTabsDemo;
				PRODUCT_NAME = "$(TARGET_NAME)";
				SWIFT_OBJC_BRIDGING_HEADER = "$(SRCROOT)/PayTabsDemo/SupportingFiles/BridgeHeader/PayTabsDemo-Bridging-Header.h";
				SWIFT_VERSION = 5.0;
				TARGETED_DEVICE_FAMILY = "1,2";
			};
			name = Release;
		};
/* End XCBuildConfiguration section */

/* Begin XCConfigurationList section */
		6A9A8BF92486F1EC0014E423 /* Build configuration list for PBXProject "PayTabsDemo" */ = {
			isa = XCConfigurationList;
			buildConfigurations = (
				6A9A8C102486F1F00014E423 /* Debug */,
				6A9A8C112486F1F00014E423 /* Release */,
			);
			defaultConfigurationIsVisible = 0;
			defaultConfigurationName = Release;
		};
		6A9A8C122486F1F00014E423 /* Build configuration list for PBXNativeTarget "PayTabsDemo" */ = {
			isa = XCConfigurationList;
			buildConfigurations = (
				6A9A8C132486F1F00014E423 /* Debug */,
				6A9A8C142486F1F00014E423 /* Release */,
			);
			defaultConfigurationIsVisible = 0;
			defaultConfigurationName = Release;
		};
/* End XCConfigurationList section */
	};
	rootObject = 6A9A8BF62486F1EC0014E423 /* Project object */;
}
